
Microsoft Visual Studio Solution File, Format Version 12.00
# Visual Studio Version 17
VisualStudioVersion = 17.3.32901.215
MinimumVisualStudioVersion = 10.0.40219.1
Project("{FAE04EC0-301F-11D3-BF4B-00C04F79EFBC}") = "MobileConnectionLibrary", "MobileConnectionLibrary\MobileConnectionLibrary.csproj", "{1509BBA5-F05D-49BC-BB0C-4FBE8BCDC1ED}"
EndProject
Project("{FAE04EC0-301F-11D3-BF4B-00C04F79EFBC}") = "MobileConnectionLibrary.UnitTests", "MobileConnectionLibrary.UnitTests\MobileConnectionLibrary.UnitTests.csproj", "{E864B6A0-6243-460E-8FC6-F549B8D4E8DA}"
EndProject
Global
	GlobalSection(SolutionConfigurationPlatforms) = preSolution
		Debug|Any CPU = Debug|Any CPU
		Release|Any CPU = Release|Any CPU
	EndGlobalSection
	GlobalSection(ProjectConfigurationPlatforms) = postSolution
		{1509BBA5-F05D-49BC-BB0C-4FBE8BCDC1ED}.Debug|Any CPU.ActiveCfg = Debug|Any CPU
		{1509BBA5-F05D-49BC-BB0C-4FBE8BCDC1ED}.Debug|Any CPU.Build.0 = Debug|Any CPU
		{1509BBA5-F05D-49BC-BB0C-4FBE8BCDC1ED}.Release|Any CPU.ActiveCfg = Release|Any CPU
		{1509BBA5-F05D-49BC-BB0C-4FBE8BCDC1ED}.Release|Any CPU.Build.0 = Release|Any CPU
		{E864B6A0-6243-460E-8FC6-F549B8D4E8DA}.Debug|Any CPU.ActiveCfg = Debug|Any CPU
		{E864B6A0-6243-460E-8FC6-F549B8D4E8DA}.Debug|Any CPU.Build.0 = Debug|Any CPU
		{E864B6A0-6243-460E-8FC6-F549B8D4E8DA}.Release|Any CPU.ActiveCfg = Release|Any CPU
		{E864B6A0-6243-460E-8FC6-F549B8D4E8DA}.Release|Any CPU.Build.0 = Release|Any CPU
	EndGlobalSection
	GlobalSection(SolutionProperties) = preSolution
		HideSolutionNode = FALSE
	EndGlobalSection
	GlobalSection(ExtensibilityGlobals) = postSolution
		SolutionGuid = {036E9EC1-14D4-4EB2-923F-CCEE77C0FEB0}
	EndGlobalSection
EndGlobal
